<?xml version="1.0" encoding="utf-8"?>
<Project ToolsVersion="15.0" xmlns="http://schemas.microsoft.com/developer/msbuild/2003">
  <ItemGroup>
    <CustomBuild Include="C:\Users\A.V.Balynin\Desktop\PAPKA1\CMakeFiles\2333c1d511926c25330b9bc9e232bb34\RUN_TESTS_force.rule">
      <Filter>CMake Rules</Filter>
    </CustomBuild>
  </ItemGroup>
  <ItemGroup>
    <Filter Include="CMake Rules">
      <UniqueIdentifier>{B7F1F506-8EF9-3AAF-967D-406045B790A0}</UniqueIdentifier>
    </Filter>
  </ItemGroup>
</Project>
